lockfileVersion: "9.0"

settings:
  autoInstallPeers: true
  excludeLinksFromLockfile: false

importers:
  .:
    dependencies:
      node-appwrite:
        specifier: ^14.1.0
        version: 14.1.0
    devDependencies:
      prettier:
        specifier: ^3.2.5
        version: 3.4.2

packages:
  node-appwrite@14.1.0:
    resolution:
      {
        integrity: sha512-kuKAZrdaAcGYOMUXtxNb1j+uIy+FIMiiU1dFkgwTXLsMLeLvC6HJ8/FH/kN9JyrWR2a2zcGN7gWfyQgWYoLMTA==,
      }

  node-fetch-native-with-agent@1.7.2:
    resolution:
      {
        integrity: sha512-5MaOOCuJEvcckoz7/tjdx1M6OusOY6Xc5f459IaruGStWnKzlI1qpNgaAwmn4LmFYcsSlj+jBMk84wmmRxfk5g==,
      }

  prettier@3.4.2:
    resolution:
      {
        integrity: sha512-e9MewbtFo+Fevyuxn/4rrcDAaq0IYxPGLvObpQjiZBMAzB9IGmzlnG9RZy3FFas+eBMu2vA0CszMeduow5dIuQ==,
      }
    engines: { node: ">=14" }
    hasBin: true

snapshots:
  node-appwrite@14.1.0:
    dependencies:
      node-fetch-native-with-agent: 1.7.2

  node-fetch-native-with-agent@1.7.2: {}

  prettier@3.4.2: {}
